{
  "lock_id": "GOVERNANCE_VERSION_v2",
  "governance_version": 2,
  "tracked_hashes": {
    "ARCHITECTURE_SCHEMA_v1.json": "9157799165171f0a55c84018400e61942c79f0095511c77b2d0d0a988a0e7cd3",
    "formal/docs/paper/ASSUMPTION_REGISTRY_v1.md": "6e830af33e5e0936b0c9a0cbfbdd689fe472b4f978afdbe4936c5b04b8d3d19d"
  },
  "adjudication_class_list": [
    "DISCHARGED_CONDITIONAL_PUBLISH_v0",
    "DISCHARGED_CONDITIONAL_v0",
    "DISCHARGED_v0",
    "LOCKED",
    "NOT_YET_",
    "PUBLISHED_POLICY_BASELINE_2026Q1",
    "SATISFIED_v0_DISCRETE",
    "T-CONDITIONAL",
    "T-PROVED"
  ],
  "adjudication_class_list_sha256": "bfbbd6d69cc5ff0de753819bf44ed8e5d11c8df6706cbb830184310eb13cb538",
  "baseline": {
    "cycle": 74,
    "assumption_taxonomy_classes": [
      "APPROXIMATION",
      "BOUNDARY",
      "CALIBRATION",
      "NORMALIZATION",
      "REGIME",
      "STRUCTURAL",
      "SYMMETRY"
    ],
    "state_status_categories": [
      "T-CONDITIONAL",
      "T-PROVED"
    ],
    "adjudication_values": [
      "ACTIVE_v0",
      "DISCHARGED_v0",
      "DISCHARGED_CONDITIONAL_PUBLISH_v0",
      "DISCHARGED_CONDITIONAL_v0",
      "DISCHARGED_v0_BOUNDED",
      "DISCHARGED_v0_CONTINUUM_BRIDGE",
      "DISCHARGED_v0_CONTRACT_HARDENED",
      "DISCHARGED_v0_DERIVATION_GRADE",
      "DISCHARGED_v0_DISCRETE",
      "DISCHARGED_v0_DISCRETE_HARDENED",
      "DISCHARGED_v0_ROADMAP_PINNED",
      "DISCHARGED_v0_STRONG_FIELD_PROGRAM",
      "NOT_YET_DISCHARGED"
    ],
    "adjudication_suffix_patterns": [
      "ACTIVE_v0",
      "DISCHARGED_v0",
      "DISCHARGED_CONDITIONAL_PUBLISH_v*",
      "DISCHARGED_CONDITIONAL_v*",
      "DISCHARGED_v0_*",
      "NOT_YET_*"
    ],
    "governance_surface_counts": {
      "governance_docs": 408,
      "token_categories": 7,
      "adjudication_types": 12
    }
  }
}
