{
  "lock_id": "GOVERNANCE_VERSION_v1",
  "governance_version": 1,
  "tracked_hashes": {
    "ARCHITECTURE_SCHEMA_v1.json": "f4290a6249bef83b91f86b31535ae5cf5155fa15bd1fac44a101e6b9f4975719",
    "formal/docs/paper/ASSUMPTION_REGISTRY_v1.md": "7a497de23fa6998cdf34c5edf3acfc5637d9022d322a91fa409d3e38c23fd358"
  },
  "adjudication_class_list": [
    "DISCHARGED_CONDITIONAL_PUBLISH_v0",
    "DISCHARGED_CONDITIONAL_v0",
    "DISCHARGED_v0",
    "LOCKED",
    "NOT_YET_DISCHARGED",
    "NOT_YET_SATISFIED",
    "PUBLISHED_POLICY_BASELINE_2026Q1",
    "SATISFIED_v0_DISCRETE",
    "T-CONDITIONAL",
    "T-PROVED"
  ],
  "adjudication_class_list_sha256": "1dc97d5e8d88fd459f4ac21e8c9c8ea4687daddbfdb019235a712c0fc9a5479a",
  "baseline": {
    "cycle": 74,
    "assumption_taxonomy_classes": [
      "APPROXIMATION",
      "BOUNDARY",
      "CALIBRATION",
      "NORMALIZATION",
      "REGIME",
      "STRUCTURAL",
      "SYMMETRY"
    ],
    "state_status_categories": [
      "T-CONDITIONAL",
      "T-PROVED"
    ],
    "adjudication_values": [
      "ACTIVE_v0",
      "DISCHARGED_CONDITIONAL_PUBLISH_v0",
      "DISCHARGED_CONDITIONAL_v0",
      "DISCHARGED_v0_BOUNDED",
      "DISCHARGED_v0_CONTINUUM_BRIDGE",
      "DISCHARGED_v0_CONTRACT_HARDENED",
      "DISCHARGED_v0_DERIVATION_GRADE",
      "DISCHARGED_v0_DISCRETE",
      "DISCHARGED_v0_DISCRETE_HARDENED",
      "DISCHARGED_v0_ROADMAP_PINNED",
      "DISCHARGED_v0_STRONG_FIELD_PROGRAM",
      "NOT_YET_DISCHARGED"
    ],
    "adjudication_suffix_patterns": [
      "ACTIVE_v0",
      "DISCHARGED_CONDITIONAL_PUBLISH_v*",
      "DISCHARGED_CONDITIONAL_v*",
      "DISCHARGED_v0_*",
      "NOT_YET_*"
    ],
    "governance_surface_counts": {
      "governance_docs": 59,
      "token_categories": 7,
      "adjudication_types": 12
    }
  }
}
