{
  "lock_id": "GOVERNANCE_VERSION_v1",
  "governance_version": 1,
  "tracked_hashes": {
    "ARCHITECTURE_SCHEMA_v1.json": "750dfb0fc2b3048f1a457a799d8d16b52d54246363b8c36a8f586c7a7a14055c",
    "formal/docs/paper/ASSUMPTION_REGISTRY_v1.md": "6e830af33e5e0936b0c9a0cbfbdd689fe472b4f978afdbe4936c5b04b8d3d19d"
  },
  "adjudication_class_list": [
    "DISCHARGED_CONDITIONAL_PUBLISH_v0",
    "DISCHARGED_CONDITIONAL_v0",
    "DISCHARGED_v0",
    "LOCKED",
    "NOT_YET_DISCHARGED",
    "NOT_YET_SATISFIED",
    "PUBLISHED_POLICY_BASELINE_2026Q1",
    "SATISFIED_v0_DISCRETE",
    "T-CONDITIONAL",
    "T-PROVED"
  ],
  "adjudication_class_list_sha256": "1dc97d5e8d88fd459f4ac21e8c9c8ea4687daddbfdb019235a712c0fc9a5479a",
  "baseline": {
    "cycle": 74,
    "assumption_taxonomy_classes": [
      "APPROXIMATION",
      "BOUNDARY",
      "CALIBRATION",
      "NORMALIZATION",
      "REGIME",
      "STRUCTURAL",
      "SYMMETRY"
    ],
    "state_status_categories": [
      "T-CONDITIONAL",
      "T-PROVED"
    ],
    "adjudication_values": [
      "ACTIVE_v0",
      "DISCHARGED_CONDITIONAL_PUBLISH_v0",
      "DISCHARGED_CONDITIONAL_v0",
      "DISCHARGED_v0_BOUNDED",
      "DISCHARGED_v0_CONTINUUM_BRIDGE",
      "DISCHARGED_v0_CONTRACT_HARDENED",
      "DISCHARGED_v0_DERIVATION_GRADE",
      "DISCHARGED_v0_DISCRETE",
      "DISCHARGED_v0_DISCRETE_HARDENED",
      "DISCHARGED_v0_ROADMAP_PINNED",
      "DISCHARGED_v0_STRONG_FIELD_PROGRAM",
      "NOT_YET_DISCHARGED"
    ],
    "adjudication_suffix_patterns": [
      "ACTIVE_v0",
      "DISCHARGED_CONDITIONAL_PUBLISH_v*",
      "DISCHARGED_CONDITIONAL_v*",
      "DISCHARGED_v0_*",
      "NOT_YET_*"
    ],
    "governance_surface_counts": {
      "governance_docs": 65,
      "token_categories": 7,
      "adjudication_types": 12
    }
  }
}

